
Microsoft Visual Studio Solution File, Format Version 12.00
# Visual Studio Version 16
VisualStudioVersion = 16.0.32510.428
MinimumVisualStudioVersion = 10.0.40219.1
Project("{FAE04EC0-301F-11D3-BF4B-00C04F79EFBC}") = "PMS FORMS", "PMS FORMS.csproj", "{04B547E4-50A8-4771-B9AD-91E2313162FD}"
EndProject
Global
	GlobalSection(SolutionConfigurationPlatforms) = preSolution
		Debug|Any CPU = Debug|Any CPU
		Release|Any CPU = Release|Any CPU
	EndGlobalSection
	GlobalSection(ProjectConfigurationPlatforms) = postSolution
		{04B547E4-50A8-4771-B9AD-91E2313162FD}.Debug|Any CPU.ActiveCfg = Debug|Any CPU
		{04B547E4-50A8-4771-B9AD-91E2313162FD}.Debug|Any CPU.Build.0 = Debug|Any CPU
		{04B547E4-50A8-4771-B9AD-91E2313162FD}.Release|Any CPU.ActiveCfg = Release|Any CPU
		{04B547E4-50A8-4771-B9AD-91E2313162FD}.Release|Any CPU.Build.0 = Release|Any CPU
	EndGlobalSection
	GlobalSection(SolutionProperties) = preSolution
		HideSolutionNode = FALSE
	EndGlobalSection
	GlobalSection(ExtensibilityGlobals) = postSolution
		SolutionGuid = {7229F787-D997-4587-8C01-915730707538}
	EndGlobalSection
EndGlobal
